// !$*UTF8*$!
{
	archiveVersion = 1;
	classes = {
	};
	objectVersion = 51;
	objects = {

/* Begin PBXBuildFile section */
		3E28D97062004CD4870B8A26 /* Pods_AirWatcher_AirWatcherUITests.framework in Frameworks */ = {isa = PBXBuildFile; fileRef = 76AA7B7F34EBFCA5E4290373 /* Pods_AirWatcher_AirWatcherUITests.framework */; };
		CF3EC8A1C37FEB84C202B951 /* Pods_AirWatcher.framework in Frameworks */ = {isa = PBXBuildFile; fileRef = 3EBA34AAAC9B9AC4D81FEBCD /* Pods_AirWatcher.framework */; };
		D553C6FA263C921C007E6F4D /* FavoriteViewModelTests.swift in Sources */ = {isa = PBXBuildFile; fileRef = D553C6F9263C921C007E6F4D /* FavoriteViewModelTests.swift */; };
		D56E3D56263752E40004B2A2 /* Colors.swift in Sources */ = {isa = PBXBuildFile; fileRef = D56E3D55263752E40004B2A2 /* Colors.swift */; };
		D58805D025B0569E002FCC0A /* FavoriteItem.swift in Sources */ = {isa = PBXBuildFile; fileRef = D58805CF25B0569E002FCC0A /* FavoriteItem.swift */; };
		D5A63C7E2561401300F2B826 /* AppDelegate.swift in Sources */ = {isa = PBXBuildFile; fileRef = D5A63C7D2561401300F2B826 /* AppDelegate.swift */; };
		D5A63C802561401300F2B826 /* SceneDelegate.swift in Sources */ = {isa = PBXBuildFile; fileRef = D5A63C7F2561401300F2B826 /* SceneDelegate.swift */; };
		D5A63C822561401300F2B826 /* StartViewController.swift in Sources */ = {isa = PBXBuildFile; fileRef = D5A63C812561401300F2B826 /* StartViewController.swift */; };
		D5A63C852561401300F2B826 /* Main.storyboard in Resources */ = {isa = PBXBuildFile; fileRef = D5A63C832561401300F2B826 /* Main.storyboard */; };
		D5A63C872561401600F2B826 /* Assets.xcassets in Resources */ = {isa = PBXBuildFile; fileRef = D5A63C862561401600F2B826 /* Assets.xcassets */; };
		D5A63C8A2561401600F2B826 /* LaunchScreen.storyboard in Resources */ = {isa = PBXBuildFile; fileRef = D5A63C882561401600F2B826 /* LaunchScreen.storyboard */; };
		D5A63C952561401600F2B826 /* AirWatcherTests.swift in Sources */ = {isa = PBXBuildFile; fileRef = D5A63C942561401600F2B826 /* AirWatcherTests.swift */; };
		D5A63CA02561401600F2B826 /* AirWatcherUITests.swift in Sources */ = {isa = PBXBuildFile; fileRef = D5A63C9F2561401600F2B826 /* AirWatcherUITests.swift */; };
		D5A63CB02561494000F2B826 /* APIService.swift in Sources */ = {isa = PBXBuildFile; fileRef = D5A63CAF2561494000F2B826 /* APIService.swift */; };
		D5A63CB32561499500F2B826 /* Station.swift in Sources */ = {isa = PBXBuildFile; fileRef = D5A63CB22561499500F2B826 /* Station.swift */; };
		D5A63CB525614A4500F2B826 /* PersistenceService.swift in Sources */ = {isa = PBXBuildFile; fileRef = D5A63CB425614A4500F2B826 /* PersistenceService.swift */; };
		D5A63CB825614AA400F2B826 /* StartViewModel.swift in Sources */ = {isa = PBXBuildFile; fileRef = D5A63CB725614AA400F2B826 /* StartViewModel.swift */; };
		D5A63CBB25614F1000F2B826 /* FavoriteViewModel.swift in Sources */ = {isa = PBXBuildFile; fileRef = D5A63CBA25614F1000F2B826 /* FavoriteViewModel.swift */; };
		D5A63CBD25614F8100F2B826 /* FavoriteViewController.swift in Sources */ = {isa = PBXBuildFile; fileRef = D5A63CBC25614F8100F2B826 /* FavoriteViewController.swift */; };
		D5A63CBF2561504600F2B826 /* FavoriteTableViewCell.swift in Sources */ = {isa = PBXBuildFile; fileRef = D5A63CBE2561504600F2B826 /* FavoriteTableViewCell.swift */; };
		D5A63CC22561541500F2B826 /* ExternalAccessory.framework in Frameworks */ = {isa = PBXBuildFile; fileRef = D5A63CC12561541500F2B826 /* ExternalAccessory.framework */; };
		D5AC62E125751AA800D42650 /* AddViewModel.swift in Sources */ = {isa = PBXBuildFile; fileRef = D5AC62E025751AA800D42650 /* AddViewModel.swift */; };
		D5AE4E69262219A500279CC1 /* MapItem.swift in Sources */ = {isa = PBXBuildFile; fileRef = D5AE4E68262219A500279CC1 /* MapItem.swift */; };
		D5B3AFE52623094500D941E1 /* AirQualityIndex.swift in Sources */ = {isa = PBXBuildFile; fileRef = D5B3AFE42623094500D941E1 /* AirQualityIndex.swift */; };
		D5BF2C5C2641BDAF00893530 /* PersistenceServiceTests.swift in Sources */ = {isa = PBXBuildFile; fileRef = D5BF2C5B2641BDAF00893530 /* PersistenceServiceTests.swift */; };
		D5D99E9325765B2400E20A07 /* AddItem.swift in Sources */ = {isa = PBXBuildFile; fileRef = D5D99E9225765B2400E20A07 /* AddItem.swift */; };
		D5DE7538263DE70000FA9024 /* MockPersistenceService.swift in Sources */ = {isa = PBXBuildFile; fileRef = D5DE7537263DE70000FA9024 /* MockPersistenceService.swift */; };
		D5E3DFA525E7A9BA006E55B8 /* MapViewController.swift in Sources */ = {isa = PBXBuildFile; fileRef = D5E3DFA425E7A9BA006E55B8 /* MapViewController.swift */; };
		D5E3DFA725E7B2A9006E55B8 /* ChartView.swift in Sources */ = {isa = PBXBuildFile; fileRef = D5E3DFA625E7B2A9006E55B8 /* ChartView.swift */; };
		D5EC2C9D2567CDF7008C82D9 /* Sensor.swift in Sources */ = {isa = PBXBuildFile; fileRef = D5EC2C9C2567CDF7008C82D9 /* Sensor.swift */; };
		D5EC89B9261F686D009E3CAA /* MapViewModel.swift in Sources */ = {isa = PBXBuildFile; fileRef = D5EC89B8261F686D009E3CAA /* MapViewModel.swift */; };
		D5FB05EA2577FBB200D0160B /* AddTableViewCell.swift in Sources */ = {isa = PBXBuildFile; fileRef = D5FB05E92577FBB200D0160B /* AddTableViewCell.swift */; };
		D5FD36E8256EBE78008FD8F6 /* AirData.swift in Sources */ = {isa = PBXBuildFile; fileRef = D5FD36E7256EBE78008FD8F6 /* AirData.swift */; };
		D5FD36EB256EC235008FD8F6 /* AddViewController.swift in Sources */ = {isa = PBXBuildFile; fileRef = D5FD36EA256EC235008FD8F6 /* AddViewController.swift */; };
		F5E922AC8BF003CE0C72C952 /* Pods_AirWatcher_AirWatcherTests.framework in Frameworks */ = {isa = PBXBuildFile; fileRef = 85B2A766823693CC66529D41 /* Pods_AirWatcher_AirWatcherTests.framework */; };
/* End PBXBuildFile section */

/* Begin PBXContainerItemProxy section */
		D5A63C912561401600F2B826 /* PBXContainerItemProxy */ = {
			isa = PBXContainerItemProxy;
			containerPortal = D5A63C722561401200F2B826 /* Project object */;
			proxyType = 1;
			remoteGlobalIDString = D5A63C792561401200F2B826;
			remoteInfo = AirWatcher;
		};
		D5A63C9C2561401600F2B826 /* PBXContainerItemProxy */ = {
			isa = PBXContainerItemProxy;
			containerPortal = D5A63C722561401200F2B826 /* Project object */;
			proxyType = 1;
			remoteGlobalIDString = D5A63C792561401200F2B826;
			remoteInfo = AirWatcher;
		};
/* End PBXContainerItemProxy section */

/* Begin PBXFileReference section */
		3EBA34AAAC9B9AC4D81FEBCD /* Pods_AirWatcher.framework */ = {isa = PBXFileReference; explicitFileType = wrapper.framework; includeInIndex = 0; path = Pods_AirWatcher.framework; sourceTree = BUILT_PRODUCTS_DIR; };
		40B687F28F6D78C682F7D8E7 /* Pods-AirWatcher.debug.xcconfig */ = {isa = PBXFileReference; includeInIndex = 1; lastKnownFileType = text.xcconfig; name = "Pods-AirWatcher.debug.xcconfig"; path = "Target Support Files/Pods-AirWatcher/Pods-AirWatcher.debug.xcconfig"; sourceTree = "<group>"; };
		44BC97A13225FF9B47F7F848 /* Pods-AirWatcher.release.xcconfig */ = {isa = PBXFileReference; includeInIndex = 1; lastKnownFileType = text.xcconfig; name = "Pods-AirWatcher.release.xcconfig"; path = "Target Support Files/Pods-AirWatcher/Pods-AirWatcher.release.xcconfig"; sourceTree = "<group>"; };
		61391D0CDFF4E1E12374C93B /* Pods-AirWatcher-AirWatcherTests.release.xcconfig */ = {isa = PBXFileReference; includeInIndex = 1; lastKnownFileType = text.xcconfig; name = "Pods-AirWatcher-AirWatcherTests.release.xcconfig"; path = "Target Support Files/Pods-AirWatcher-AirWatcherTests/Pods-AirWatcher-AirWatcherTests.release.xcconfig"; sourceTree = "<group>"; };
		76AA7B7F34EBFCA5E4290373 /* Pods_AirWatcher_AirWatcherUITests.framework */ = {isa = PBXFileReference; explicitFileType = wrapper.framework; includeInIndex = 0; path = Pods_AirWatcher_AirWatcherUITests.framework; sourceTree = BUILT_PRODUCTS_DIR; };
		85B2A766823693CC66529D41 /* Pods_AirWatcher_AirWatcherTests.framework */ = {isa = PBXFileReference; explicitFileType = wrapper.framework; includeInIndex = 0; path = Pods_AirWatcher_AirWatcherTests.framework; sourceTree = BUILT_PRODUCTS_DIR; };
		B05E35412E8124E6C39DB0D1 /* Pods-AirWatcher-AirWatcherUITests.release.xcconfig */ = {isa = PBXFileReference; includeInIndex = 1; lastKnownFileType = text.xcconfig; name = "Pods-AirWatcher-AirWatcherUITests.release.xcconfig"; path = "Target Support Files/Pods-AirWatcher-AirWatcherUITests/Pods-AirWatcher-AirWatcherUITests.release.xcconfig"; sourceTree = "<group>"; };
		B810F1844D8FBC9502F14541 /* Pods-AirWatcher-AirWatcherTests.debug.xcconfig */ = {isa = PBXFileReference; includeInIndex = 1; lastKnownFileType = text.xcconfig; name = "Pods-AirWatcher-AirWatcherTests.debug.xcconfig"; path = "Target Support Files/Pods-AirWatcher-AirWatcherTests/Pods-AirWatcher-AirWatcherTests.debug.xcconfig"; sourceTree = "<group>"; };
		D553C6F9263C921C007E6F4D /* FavoriteViewModelTests.swift */ = {isa = PBXFileReference; lastKnownFileType = sourcecode.swift; path = FavoriteViewModelTests.swift; sourceTree = "<group>"; };
		D56E3D55263752E40004B2A2 /* Colors.swift */ = {isa = PBXFileReference; lastKnownFileType = sourcecode.swift; path = Colors.swift; sourceTree = "<group>"; };
		D58805CF25B0569E002FCC0A /* FavoriteItem.swift */ = {isa = PBXFileReference; lastKnownFileType = sourcecode.swift; path = FavoriteItem.swift; sourceTree = "<group>"; };
		D5A63C7A2561401200F2B826 /* AirWatcher.app */ = {isa = PBXFileReference; explicitFileType = wrapper.application; includeInIndex = 0; path = AirWatcher.app; sourceTree = BUILT_PRODUCTS_DIR; };
		D5A63C7D2561401300F2B826 /* AppDelegate.swift */ = {isa = PBXFileReference; lastKnownFileType = sourcecode.swift; path = AppDelegate.swift; sourceTree = "<group>"; };
		D5A63C7F2561401300F2B826 /* SceneDelegate.swift */ = {isa = PBXFileReference; lastKnownFileType = sourcecode.swift; path = SceneDelegate.swift; sourceTree = "<group>"; };
		D5A63C812561401300F2B826 /* StartViewController.swift */ = {isa = PBXFileReference; lastKnownFileType = sourcecode.swift; path = StartViewController.swift; sourceTree = "<group>"; };
		D5A63C842561401300F2B826 /* Base */ = {isa = PBXFileReference; lastKnownFileType = file.storyboard; name = Base; path = Base.lproj/Main.storyboard; sourceTree = "<group>"; };
		D5A63C862561401600F2B826 /* Assets.xcassets */ = {isa = PBXFileReference; lastKnownFileType = folder.assetcatalog; path = Assets.xcassets; sourceTree = "<group>"; };
		D5A63C892561401600F2B826 /* Base */ = {isa = PBXFileReference; lastKnownFileType = file.storyboard; name = Base; path = Base.lproj/LaunchScreen.storyboard; sourceTree = "<group>"; };
		D5A63C8B2561401600F2B826 /* Info.plist */ = {isa = PBXFileReference; lastKnownFileType = text.plist.xml; path = Info.plist; sourceTree = "<group>"; };
		D5A63C902561401600F2B826 /* AirWatcherTests.xctest */ = {isa = PBXFileReference; explicitFileType = wrapper.cfbundle; includeInIndex = 0; path = AirWatcherTests.xctest; sourceTree = BUILT_PRODUCTS_DIR; };
		D5A63C942561401600F2B826 /* AirWatcherTests.swift */ = {isa = PBXFileReference; lastKnownFileType = sourcecode.swift; path = AirWatcherTests.swift; sourceTree = "<group>"; };
		D5A63C962561401600F2B826 /* Info.plist */ = {isa = PBXFileReference; lastKnownFileType = text.plist.xml; path = Info.plist; sourceTree = "<group>"; };
		D5A63C9B2561401600F2B826 /* AirWatcherUITests.xctest */ = {isa = PBXFileReference; explicitFileType = wrapper.cfbundle; includeInIndex = 0; path = AirWatcherUITests.xctest; sourceTree = BUILT_PRODUCTS_DIR; };
		D5A63C9F2561401600F2B826 /* AirWatcherUITests.swift */ = {isa = PBXFileReference; lastKnownFileType = sourcecode.swift; path = AirWatcherUITests.swift; sourceTree = "<group>"; };
		D5A63CA12561401600F2B826 /* Info.plist */ = {isa = PBXFileReference; lastKnownFileType = text.plist.xml; path = Info.plist; sourceTree = "<group>"; };
		D5A63CAF2561494000F2B826 /* APIService.swift */ = {isa = PBXFileReference; lastKnownFileType = sourcecode.swift; path = APIService.swift; sourceTree = "<group>"; };
		D5A63CB22561499500F2B826 /* Station.swift */ = {isa = PBXFileReference; lastKnownFileType = sourcecode.swift; path = Station.swift; sourceTree = "<group>"; };
		D5A63CB425614A4500F2B826 /* PersistenceService.swift */ = {isa = PBXFileReference; lastKnownFileType = sourcecode.swift; path = PersistenceService.swift; sourceTree = "<group>"; };
		D5A63CB725614AA400F2B826 /* StartViewModel.swift */ = {isa = PBXFileReference; lastKnownFileType = sourcecode.swift; path = StartViewModel.swift; sourceTree = "<group>"; };
		D5A63CBA25614F1000F2B826 /* FavoriteViewModel.swift */ = {isa = PBXFileReference; lastKnownFileType = sourcecode.swift; path = FavoriteViewModel.swift; sourceTree = "<group>"; };
		D5A63CBC25614F8100F2B826 /* FavoriteViewController.swift */ = {isa = PBXFileReference; lastKnownFileType = sourcecode.swift; path = FavoriteViewController.swift; sourceTree = "<group>"; };
		D5A63CBE2561504600F2B826 /* FavoriteTableViewCell.swift */ = {isa = PBXFileReference; lastKnownFileType = sourcecode.swift; path = FavoriteTableViewCell.swift; sourceTree = "<group>"; };
		D5A63CC02561541500F2B826 /* AirWatcher.entitlements */ = {isa = PBXFileReference; lastKnownFileType = text.plist.entitlements; path = AirWatcher.entitlements; sourceTree = "<group>"; };
		D5A63CC12561541500F2B826 /* ExternalAccessory.framework */ = {isa = PBXFileReference; lastKnownFileType = wrapper.framework; name = ExternalAccessory.framework; path = System/Library/Frameworks/ExternalAccessory.framework; sourceTree = SDKROOT; };
		D5AC62E025751AA800D42650 /* AddViewModel.swift */ = {isa = PBXFileReference; lastKnownFileType = sourcecode.swift; path = AddViewModel.swift; sourceTree = "<group>"; };
		D5AE4E68262219A500279CC1 /* MapItem.swift */ = {isa = PBXFileReference; lastKnownFileType = sourcecode.swift; path = MapItem.swift; sourceTree = "<group>"; };
		D5B3AFE42623094500D941E1 /* AirQualityIndex.swift */ = {isa = PBXFileReference; lastKnownFileType = sourcecode.swift; path = AirQualityIndex.swift; sourceTree = "<group>"; };
		D5BF2C5B2641BDAF00893530 /* PersistenceServiceTests.swift */ = {isa = PBXFileReference; lastKnownFileType = sourcecode.swift; path = PersistenceServiceTests.swift; sourceTree = "<group>"; };
		D5D99E9225765B2400E20A07 /* AddItem.swift */ = {isa = PBXFileReference; lastKnownFileType = sourcecode.swift; path = AddItem.swift; sourceTree = "<group>"; };
		D5DE7537263DE70000FA9024 /* MockPersistenceService.swift */ = {isa = PBXFileReference; lastKnownFileType = sourcecode.swift; path = MockPersistenceService.swift; sourceTree = "<group>"; };
		D5E3DFA425E7A9BA006E55B8 /* MapViewController.swift */ = {isa = PBXFileReference; lastKnownFileType = sourcecode.swift; path = MapViewController.swift; sourceTree = "<group>"; };
		D5E3DFA625E7B2A9006E55B8 /* ChartView.swift */ = {isa = PBXFileReference; lastKnownFileType = sourcecode.swift; path = ChartView.swift; sourceTree = "<group>"; };
		D5EC2C9C2567CDF7008C82D9 /* Sensor.swift */ = {isa = PBXFileReference; lastKnownFileType = sourcecode.swift; path = Sensor.swift; sourceTree = "<group>"; };
		D5EC89B8261F686D009E3CAA /* MapViewModel.swift */ = {isa = PBXFileReference; lastKnownFileType = sourcecode.swift; path = MapViewModel.swift; sourceTree = "<group>"; };
		D5FB05E92577FBB200D0160B /* AddTableViewCell.swift */ = {isa = PBXFileReference; lastKnownFileType = sourcecode.swift; path = AddTableViewCell.swift; sourceTree = "<group>"; };
		D5FD36E7256EBE78008FD8F6 /* AirData.swift */ = {isa = PBXFileReference; lastKnownFileType = sourcecode.swift; path = AirData.swift; sourceTree = "<group>"; };
		D5FD36EA256EC235008FD8F6 /* AddViewController.swift */ = {isa = PBXFileReference; lastKnownFileType = sourcecode.swift; path = AddViewController.swift; sourceTree = "<group>"; };
		FFF7C469DCB3ADCD15249681 /* Pods-AirWatcher-AirWatcherUITests.debug.xcconfig */ = {isa = PBXFileReference; includeInIndex = 1; lastKnownFileType = text.xcconfig; name = "Pods-AirWatcher-AirWatcherUITests.debug.xcconfig"; path = "Target Support Files/Pods-AirWatcher-AirWatcherUITests/Pods-AirWatcher-AirWatcherUITests.debug.xcconfig"; sourceTree = "<group>"; };
/* End PBXFileReference section */

/* Begin PBXFrameworksBuildPhase section */
		D5A63C772561401200F2B826 /* Frameworks */ = {
			isa = PBXFrameworksBuildPhase;
			buildActionMask = 2147483647;
			files = (
				D5A63CC22561541500F2B826 /* ExternalAccessory.framework in Frameworks */,
				CF3EC8A1C37FEB84C202B951 /* Pods_AirWatcher.framework in Frameworks */,
			);
			runOnlyForDeploymentPostprocessing = 0;
		};
		D5A63C8D2561401600F2B826 /* Frameworks */ = {
			isa = PBXFrameworksBuildPhase;
			buildActionMask = 2147483647;
			files = (
				F5E922AC8BF003CE0C72C952 /* Pods_AirWatcher_AirWatcherTests.framework in Frameworks */,
			);
			runOnlyForDeploymentPostprocessing = 0;
		};
		D5A63C982561401600F2B826 /* Frameworks */ = {
			isa = PBXFrameworksBuildPhase;
			buildActionMask = 2147483647;
			files = (
				3E28D97062004CD4870B8A26 /* Pods_AirWatcher_AirWatcherUITests.framework in Frameworks */,
			);
			runOnlyForDeploymentPostprocessing = 0;
		};
/* End PBXFrameworksBuildPhase section */

/* Begin PBXGroup section */
		789ACCF92B3F528D9609E966 /* Frameworks */ = {
			isa = PBXGroup;
			children = (
				D5A63CC12561541500F2B826 /* ExternalAccessory.framework */,
				3EBA34AAAC9B9AC4D81FEBCD /* Pods_AirWatcher.framework */,
				85B2A766823693CC66529D41 /* Pods_AirWatcher_AirWatcherTests.framework */,
				76AA7B7F34EBFCA5E4290373 /* Pods_AirWatcher_AirWatcherUITests.framework */,
			);
			name = Frameworks;
			sourceTree = "<group>";
		};
		AA146669E20AF7EC2CC0467F /* Pods */ = {
			isa = PBXGroup;
			children = (
				40B687F28F6D78C682F7D8E7 /* Pods-AirWatcher.debug.xcconfig */,
				44BC97A13225FF9B47F7F848 /* Pods-AirWatcher.release.xcconfig */,
				B810F1844D8FBC9502F14541 /* Pods-AirWatcher-AirWatcherTests.debug.xcconfig */,
				61391D0CDFF4E1E12374C93B /* Pods-AirWatcher-AirWatcherTests.release.xcconfig */,
				FFF7C469DCB3ADCD15249681 /* Pods-AirWatcher-AirWatcherUITests.debug.xcconfig */,
				B05E35412E8124E6C39DB0D1 /* Pods-AirWatcher-AirWatcherUITests.release.xcconfig */,
			);
			path = Pods;
			sourceTree = "<group>";
		};
		D56E3D54263752D00004B2A2 /* Others */ = {
			isa = PBXGroup;
			children = (
				D56E3D55263752E40004B2A2 /* Colors.swift */,
			);
			path = Others;
			sourceTree = "<group>";
		};
		D5A63C712561401200F2B826 = {
			isa = PBXGroup;
			children = (
				D5A63C7C2561401200F2B826 /* AirWatcher */,
				D5A63C932561401600F2B826 /* AirWatcherTests */,
				D5A63C9E2561401600F2B826 /* AirWatcherUITests */,
				D5A63C7B2561401200F2B826 /* Products */,
				AA146669E20AF7EC2CC0467F /* Pods */,
				789ACCF92B3F528D9609E966 /* Frameworks */,
			);
			sourceTree = "<group>";
		};
		D5A63C7B2561401200F2B826 /* Products */ = {
			isa = PBXGroup;
			children = (
				D5A63C7A2561401200F2B826 /* AirWatcher.app */,
				D5A63C902561401600F2B826 /* AirWatcherTests.xctest */,
				D5A63C9B2561401600F2B826 /* AirWatcherUITests.xctest */,
			);
			name = Products;
			sourceTree = "<group>";
		};
		D5A63C7C2561401200F2B826 /* AirWatcher */ = {
			isa = PBXGroup;
			children = (
				D56E3D54263752D00004B2A2 /* Others */,
				D5E3DFA325E7A98A006E55B8 /* Map */,
				D5FD36E9256EC1D4008FD8F6 /* Add */,
				D5A63CC02561541500F2B826 /* AirWatcher.entitlements */,
				D5A63CB925614EEE00F2B826 /* Favorite */,
				D5A63CB625614A8B00F2B826 /* Database */,
				D5A63CB12561498700F2B826 /* Model */,
				D5A63CAE2561491F00F2B826 /* Network */,
				D5A63CAD2561445100F2B826 /* Start */,
				D5A63C7D2561401300F2B826 /* AppDelegate.swift */,
				D5A63C7F2561401300F2B826 /* SceneDelegate.swift */,
				D5A63C832561401300F2B826 /* Main.storyboard */,
				D5A63C862561401600F2B826 /* Assets.xcassets */,
				D5A63C882561401600F2B826 /* LaunchScreen.storyboard */,
				D5A63C8B2561401600F2B826 /* Info.plist */,
				D5E3DFA625E7B2A9006E55B8 /* ChartView.swift */,
			);
			path = AirWatcher;
			sourceTree = "<group>";
		};
		D5A63C932561401600F2B826 /* AirWatcherTests */ = {
			isa = PBXGroup;
			children = (
				D5A63C942561401600F2B826 /* AirWatcherTests.swift */,
				D5A63C962561401600F2B826 /* Info.plist */,
				D553C6F9263C921C007E6F4D /* FavoriteViewModelTests.swift */,
				D5DE7537263DE70000FA9024 /* MockPersistenceService.swift */,
				D5BF2C5B2641BDAF00893530 /* PersistenceServiceTests.swift */,
			);
			path = AirWatcherTests;
			sourceTree = "<group>";
		};
		D5A63C9E2561401600F2B826 /* AirWatcherUITests */ = {
			isa = PBXGroup;
			children = (
				D5A63C9F2561401600F2B826 /* AirWatcherUITests.swift */,
				D5A63CA12561401600F2B826 /* Info.plist */,
			);
			path = AirWatcherUITests;
			sourceTree = "<group>";
		};
		D5A63CAD2561445100F2B826 /* Start */ = {
			isa = PBXGroup;
			children = (
				D5A63C812561401300F2B826 /* StartViewController.swift */,
				D5A63CB725614AA400F2B826 /* StartViewModel.swift */,
			);
			path = Start;
			sourceTree = "<group>";
		};
		D5A63CAE2561491F00F2B826 /* Network */ = {
			isa = PBXGroup;
			children = (
				D5A63CAF2561494000F2B826 /* APIService.swift */,
			);
			path = Network;
			sourceTree = "<group>";
		};
		D5A63CB12561498700F2B826 /* Model */ = {
			isa = PBXGroup;
			children = (
				D5A63CB22561499500F2B826 /* Station.swift */,
				D5EC2C9C2567CDF7008C82D9 /* Sensor.swift */,
				D5FD36E7256EBE78008FD8F6 /* AirData.swift */,
				D5D99E9225765B2400E20A07 /* AddItem.swift */,
				D58805CF25B0569E002FCC0A /* FavoriteItem.swift */,
				D5AE4E68262219A500279CC1 /* MapItem.swift */,
				D5B3AFE42623094500D941E1 /* AirQualityIndex.swift */,
			);
			path = Model;
			sourceTree = "<group>";
		};
		D5A63CB625614A8B00F2B826 /* Database */ = {
			isa = PBXGroup;
			children = (
				D5A63CB425614A4500F2B826 /* PersistenceService.swift */,
			);
			path = Database;
			sourceTree = "<group>";
		};
		D5A63CB925614EEE00F2B826 /* Favorite */ = {
			isa = PBXGroup;
			children = (
				D5A63CBC25614F8100F2B826 /* FavoriteViewController.swift */,
				D5A63CBA25614F1000F2B826 /* FavoriteViewModel.swift */,
				D5A63CBE2561504600F2B826 /* FavoriteTableViewCell.swift */,
			);
			path = Favorite;
			sourceTree = "<group>";
		};
		D5E3DFA325E7A98A006E55B8 /* Map */ = {
			isa = PBXGroup;
			children = (
				D5E3DFA425E7A9BA006E55B8 /* MapViewController.swift */,
				D5EC89B8261F686D009E3CAA /* MapViewModel.swift */,
			);
			path = Map;
			sourceTree = "<group>";
		};
		D5FD36E9256EC1D4008FD8F6 /* Add */ = {
			isa = PBXGroup;
			children = (
				D5FD36EA256EC235008FD8F6 /* AddViewController.swift */,
				D5AC62E025751AA800D42650 /* AddViewModel.swift */,
				D5FB05E92577FBB200D0160B /* AddTableViewCell.swift */,
			);
			path = Add;
			sourceTree = "<group>";
		};
/* End PBXGroup section */

/* Begin PBXNativeTarget section */
		D5A63C792561401200F2B826 /* AirWatcher */ = {
			isa = PBXNativeTarget;
			buildConfigurationList = D5A63CA42561401600F2B826 /* Build configuration list for PBXNativeTarget "AirWatcher" */;
			buildPhases = (
				9B83AF99F27C81D1BCB886A3 /* [CP] Check Pods Manifest.lock */,
				D5A63C762561401200F2B826 /* Sources */,
				D5A63C772561401200F2B826 /* Frameworks */,
				D5A63C782561401200F2B826 /* Resources */,
				B6ABC5591912E7603CA13579 /* [CP] Embed Pods Frameworks */,
			);
			buildRules = (
			);
			dependencies = (
			);
			name = AirWatcher;
			productName = AirWatcher;
			productReference = D5A63C7A2561401200F2B826 /* AirWatcher.app */;
			productType = "com.apple.product-type.application";
		};
		D5A63C8F2561401600F2B826 /* AirWatcherTests */ = {
			isa = PBXNativeTarget;
			buildConfigurationList = D5A63CA72561401600F2B826 /* Build configuration list for PBXNativeTarget "AirWatcherTests" */;
			buildPhases = (
				B98935BDBCBC5701A5D477EF /* [CP] Check Pods Manifest.lock */,
				D5A63C8C2561401600F2B826 /* Sources */,
				D5A63C8D2561401600F2B826 /* Frameworks */,
				D5A63C8E2561401600F2B826 /* Resources */,
				DD5362C0E9E4ED2E99CAF338 /* [CP] Embed Pods Frameworks */,
			);
			buildRules = (
			);
			dependencies = (
				D5A63C922561401600F2B826 /* PBXTargetDependency */,
			);
			name = AirWatcherTests;
			productName = AirWatcherTests;
			productReference = D5A63C902561401600F2B826 /* AirWatcherTests.xctest */;
			productType = "com.apple.product-type.bundle.unit-test";
		};
		D5A63C9A2561401600F2B826 /* AirWatcherUITests */ = {
			isa = PBXNativeTarget;
			buildConfigurationList = D5A63CAA2561401600F2B826 /* Build configuration list for PBXNativeTarget "AirWatcherUITests" */;
			buildPhases = (
				8336C65122D17E40DA129C14 /* [CP] Check Pods Manifest.lock */,
				D5A63C972561401600F2B826 /* Sources */,
				D5A63C982561401600F2B826 /* Frameworks */,
				D5A63C992561401600F2B826 /* Resources */,
				6F6D5AAF1D4F7CE631ADCF61 /* [CP] Embed Pods Frameworks */,
			);
			buildRules = (
			);
			dependencies = (
				D5A63C9D2561401600F2B826 /* PBXTargetDependency */,
			);
			name = AirWatcherUITests;
			productName = AirWatcherUITests;
			productReference = D5A63C9B2561401600F2B826 /* AirWatcherUITests.xctest */;
			productType = "com.apple.product-type.bundle.ui-testing";
		};
/* End PBXNativeTarget section */

/* Begin PBXProject section */
		D5A63C722561401200F2B826 /* Project object */ = {
			isa = PBXProject;
			attributes = {
				LastSwiftUpdateCheck = 1170;
				LastUpgradeCheck = 1170;
				ORGANIZATIONNAME = "Daniel Łachacz";
				TargetAttributes = {
					D5A63C792561401200F2B826 = {
						CreatedOnToolsVersion = 11.7;
					};
					D5A63C8F2561401600F2B826 = {
						CreatedOnToolsVersion = 11.7;
						TestTargetID = D5A63C792561401200F2B826;
					};
					D5A63C9A2561401600F2B826 = {
						CreatedOnToolsVersion = 11.7;
						TestTargetID = D5A63C792561401200F2B826;
					};
				};
			};
			buildConfigurationList = D5A63C752561401200F2B826 /* Build configuration list for PBXProject "AirWatcher" */;
			compatibilityVersion = "Xcode 9.3";
			developmentRegion = en;
			hasScannedForEncodings = 0;
			knownRegions = (
				en,
				Base,
			);
			mainGroup = D5A63C712561401200F2B826;
			productRefGroup = D5A63C7B2561401200F2B826 /* Products */;
			projectDirPath = "";
			projectRoot = "";
			targets = (
				D5A63C792561401200F2B826 /* AirWatcher */,
				D5A63C8F2561401600F2B826 /* AirWatcherTests */,
				D5A63C9A2561401600F2B826 /* AirWatcherUITests */,
			);
		};
/* End PBXProject section */

/* Begin PBXResourcesBuildPhase section */
		D5A63C782561401200F2B826 /* Resources */ = {
			isa = PBXResourcesBuildPhase;
			buildActionMask = 2147483647;
			files = (
				D5A63C8A2561401600F2B826 /* LaunchScreen.storyboard in Resources */,
				D5A63C872561401600F2B826 /* Assets.xcassets in Resources */,
				D5A63C852561401300F2B826 /* Main.storyboard in Resources */,
			);
			runOnlyForDeploymentPostprocessing = 0;
		};
		D5A63C8E2561401600F2B826 /* Resources */ = {
			isa = PBXResourcesBuildPhase;
			buildActionMask = 2147483647;
			files = (
			);
			runOnlyForDeploymentPostprocessing = 0;
		};
		D5A63C992561401600F2B826 /* Resources */ = {
			isa = PBXResourcesBuildPhase;
			buildActionMask = 2147483647;
			files = (
			);
			runOnlyForDeploymentPostprocessing = 0;
		};
/* End PBXResourcesBuildPhase section */

/* Begin PBXShellScriptBuildPhase section */
		6F6D5AAF1D4F7CE631ADCF61 /* [CP] Embed Pods Frameworks */ = {
			isa = PBXShellScriptBuildPhase;
			buildActionMask = 2147483647;
			files = (
			);
			inputFileListPaths = (
				"${PODS_ROOT}/Target Support Files/Pods-AirWatcher-AirWatcherUITests/Pods-AirWatcher-AirWatcherUITests-frameworks-${CONFIGURATION}-input-files.xcfilelist",
			);
			name = "[CP] Embed Pods Frameworks";
			outputFileListPaths = (
				"${PODS_ROOT}/Target Support Files/Pods-AirWatcher-AirWatcherUITests/Pods-AirWatcher-AirWatcherUITests-frameworks-${CONFIGURATION}-output-files.xcfilelist",
			);
			runOnlyForDeploymentPostprocessing = 0;
			shellPath = /bin/sh;
			shellScript = "\"${PODS_ROOT}/Target Support Files/Pods-AirWatcher-AirWatcherUITests/Pods-AirWatcher-AirWatcherUITests-frameworks.sh\"\n";
			showEnvVarsInLog = 0;
		};
		8336C65122D17E40DA129C14 /* [CP] Check Pods Manifest.lock */ = {
			isa = PBXShellScriptBuildPhase;
			buildActionMask = 2147483647;
			files = (
			);
			inputFileListPaths = (
			);
			inputPaths = (
				"${PODS_PODFILE_DIR_PATH}/Podfile.lock",
				"${PODS_ROOT}/Manifest.lock",
			);
			name = "[CP] Check Pods Manifest.lock";
			outputFileListPaths = (
			);
			outputPaths = (
				"$(DERIVED_FILE_DIR)/Pods-AirWatcher-AirWatcherUITests-checkManifestLockResult.txt",
			);
			runOnlyForDeploymentPostprocessing = 0;
			shellPath = /bin/sh;
			shellScript = "diff \"${PODS_PODFILE_DIR_PATH}/Podfile.lock\" \"${PODS_ROOT}/Manifest.lock\" > /dev/null\nif [ $? != 0 ] ; then\n    # print error to STDERR\n    echo \"error: The sandbox is not in sync with the Podfile.lock. Run 'pod install' or update your CocoaPods installation.\" >&2\n    exit 1\nfi\n# This output is used by Xcode 'outputs' to avoid re-running this script phase.\necho \"SUCCESS\" > \"${SCRIPT_OUTPUT_FILE_0}\"\n";
			showEnvVarsInLog = 0;
		};
		9B83AF99F27C81D1BCB886A3 /* [CP] Check Pods Manifest.lock */ = {
			isa = PBXShellScriptBuildPhase;
			buildActionMask = 2147483647;
			files = (
			);
			inputFileListPaths = (
			);
			inputPaths = (
				"${PODS_PODFILE_DIR_PATH}/Podfile.lock",
				"${PODS_ROOT}/Manifest.lock",
			);
			name = "[CP] Check Pods Manifest.lock";
			outputFileListPaths = (
			);
			outputPaths = (
				"$(DERIVED_FILE_DIR)/Pods-AirWatcher-checkManifestLockResult.txt",
			);
			runOnlyForDeploymentPostprocessing = 0;
			shellPath = /bin/sh;
			shellScript = "diff \"${PODS_PODFILE_DIR_PATH}/Podfile.lock\" \"${PODS_ROOT}/Manifest.lock\" > /dev/null\nif [ $? != 0 ] ; then\n    # print error to STDERR\n    echo \"error: The sandbox is not in sync with the Podfile.lock. Run 'pod install' or update your CocoaPods installation.\" >&2\n    exit 1\nfi\n# This output is used by Xcode 'outputs' to avoid re-running this script phase.\necho \"SUCCESS\" > \"${SCRIPT_OUTPUT_FILE_0}\"\n";
			showEnvVarsInLog = 0;
		};
		B6ABC5591912E7603CA13579 /* [CP] Embed Pods Frameworks */ = {
			isa = PBXShellScriptBuildPhase;
			buildActionMask = 2147483647;
			files = (
			);
			inputFileListPaths = (
				"${PODS_ROOT}/Target Support Files/Pods-AirWatcher/Pods-AirWatcher-frameworks-${CONFIGURATION}-input-files.xcfilelist",
			);
			name = "[CP] Embed Pods Frameworks";
			outputFileListPaths = (
				"${PODS_ROOT}/Target Support Files/Pods-AirWatcher/Pods-AirWatcher-frameworks-${CONFIGURATION}-output-files.xcfilelist",
			);
			runOnlyForDeploymentPostprocessing = 0;
			shellPath = /bin/sh;
			shellScript = "\"${PODS_ROOT}/Target Support Files/Pods-AirWatcher/Pods-AirWatcher-frameworks.sh\"\n";
			showEnvVarsInLog = 0;
		};
		B98935BDBCBC5701A5D477EF /* [CP] Check Pods Manifest.lock */ = {
			isa = PBXShellScriptBuildPhase;
			buildActionMask = 2147483647;
			files = (
			);
			inputFileListPaths = (
			);
			inputPaths = (
				"${PODS_PODFILE_DIR_PATH}/Podfile.lock",
				"${PODS_ROOT}/Manifest.lock",
			);
			name = "[CP] Check Pods Manifest.lock";
			outputFileListPaths = (
			);
			outputPaths = (
				"$(DERIVED_FILE_DIR)/Pods-AirWatcher-AirWatcherTests-checkManifestLockResult.txt",
			);
			runOnlyForDeploymentPostprocessing = 0;
			shellPath = /bin/sh;
			shellScript = "diff \"${PODS_PODFILE_DIR_PATH}/Podfile.lock\" \"${PODS_ROOT}/Manifest.lock\" > /dev/null\nif [ $? != 0 ] ; then\n    # print error to STDERR\n    echo \"error: The sandbox is not in sync with the Podfile.lock. Run 'pod install' or update your CocoaPods installation.\" >&2\n    exit 1\nfi\n# This output is used by Xcode 'outputs' to avoid re-running this script phase.\necho \"SUCCESS\" > \"${SCRIPT_OUTPUT_FILE_0}\"\n";
			showEnvVarsInLog = 0;
		};
		DD5362C0E9E4ED2E99CAF338 /* [CP] Embed Pods Frameworks */ = {
			isa = PBXShellScriptBuildPhase;
			buildActionMask = 2147483647;
			files = (
			);
			inputFileListPaths = (
				"${PODS_ROOT}/Target Support Files/Pods-AirWatcher-AirWatcherTests/Pods-AirWatcher-AirWatcherTests-frameworks-${CONFIGURATION}-input-files.xcfilelist",
			);
			name = "[CP] Embed Pods Frameworks";
			outputFileListPaths = (
				"${PODS_ROOT}/Target Support Files/Pods-AirWatcher-AirWatcherTests/Pods-AirWatcher-AirWatcherTests-frameworks-${CONFIGURATION}-output-files.xcfilelist",
			);
			runOnlyForDeploymentPostprocessing = 0;
			shellPath = /bin/sh;
			shellScript = "\"${PODS_ROOT}/Target Support Files/Pods-AirWatcher-AirWatcherTests/Pods-AirWatcher-AirWatcherTests-frameworks.sh\"\n";
			showEnvVarsInLog = 0;
		};
/* End PBXShellScriptBuildPhase section */

/* Begin PBXSourcesBuildPhase section */
		D5A63C762561401200F2B826 /* Sources */ = {
			isa = PBXSourcesBuildPhase;
			buildActionMask = 2147483647;
			files = (
				D5A63CB825614AA400F2B826 /* StartViewModel.swift in Sources */,
				D5A63C822561401300F2B826 /* StartViewController.swift in Sources */,
				D5AC62E125751AA800D42650 /* AddViewModel.swift in Sources */,
				D5EC2C9D2567CDF7008C82D9 /* Sensor.swift in Sources */,
				D5A63CB32561499500F2B826 /* Station.swift in Sources */,
				D5A63C7E2561401300F2B826 /* AppDelegate.swift in Sources */,
				D5A63CBD25614F8100F2B826 /* FavoriteViewController.swift in Sources */,
				D5A63CB525614A4500F2B826 /* PersistenceService.swift in Sources */,
				D5FD36E8256EBE78008FD8F6 /* AirData.swift in Sources */,
				D5A63CB02561494000F2B826 /* APIService.swift in Sources */,
				D5E3DFA725E7B2A9006E55B8 /* ChartView.swift in Sources */,
				D5B3AFE52623094500D941E1 /* AirQualityIndex.swift in Sources */,
				D5EC89B9261F686D009E3CAA /* MapViewModel.swift in Sources */,
				D56E3D56263752E40004B2A2 /* Colors.swift in Sources */,
				D5A63CBB25614F1000F2B826 /* FavoriteViewModel.swift in Sources */,
				D58805D025B0569E002FCC0A /* FavoriteItem.swift in Sources */,
				D5A63C802561401300F2B826 /* SceneDelegate.swift in Sources */,
				D5E3DFA525E7A9BA006E55B8 /* MapViewController.swift in Sources */,
				D5FD36EB256EC235008FD8F6 /* AddViewController.swift in Sources */,
				D5FB05EA2577FBB200D0160B /* AddTableViewCell.swift in Sources */,
				D5A63CBF2561504600F2B826 /* FavoriteTableViewCell.swift in Sources */,
				D5D99E9325765B2400E20A07 /* AddItem.swift in Sources */,
				D5AE4E69262219A500279CC1 /* MapItem.swift in Sources */,
			);
			runOnlyForDeploymentPostprocessing = 0;
		};
		D5A63C8C2561401600F2B826 /* Sources */ = {
			isa = PBXSourcesBuildPhase;
			buildActionMask = 2147483647;
			files = (
				D553C6FA263C921C007E6F4D /* FavoriteViewModelTests.swift in Sources */,
				D5BF2C5C2641BDAF00893530 /* PersistenceServiceTests.swift in Sources */,
				D5A63C952561401600F2B826 /* AirWatcherTests.swift in Sources */,
				D5DE7538263DE70000FA9024 /* MockPersistenceService.swift in Sources */,
			);
			runOnlyForDeploymentPostprocessing = 0;
		};
		D5A63C972561401600F2B826 /* Sources */ = {
			isa = PBXSourcesBuildPhase;
			buildActionMask = 2147483647;
			files = (
				D5A63CA02561401600F2B826 /* AirWatcherUITests.swift in Sources */,
			);
			runOnlyForDeploymentPostprocessing = 0;
		};
/* End PBXSourcesBuildPhase section */

/* Begin PBXTargetDependency section */
		D5A63C922561401600F2B826 /* PBXTargetDependency */ = {
			isa = PBXTargetDependency;
			target = D5A63C792561401200F2B826 /* AirWatcher */;
			targetProxy = D5A63C912561401600F2B826 /* PBXContainerItemProxy */;
		};
		D5A63C9D2561401600F2B826 /* PBXTargetDependency */ = {
			isa = PBXTargetDependency;
			target = D5A63C792561401200F2B826 /* AirWatcher */;
			targetProxy = D5A63C9C2561401600F2B826 /* PBXContainerItemProxy */;
		};
/* End PBXTargetDependency section */

/* Begin PBXVariantGroup section */
		D5A63C832561401300F2B826 /* Main.storyboard */ = {
			isa = PBXVariantGroup;
			children = (
				D5A63C842561401300F2B826 /* Base */,
			);
			name = Main.storyboard;
			sourceTree = "<group>";
		};
		D5A63C882561401600F2B826 /* LaunchScreen.storyboard */ = {
			isa = PBXVariantGroup;
			children = (
				D5A63C892561401600F2B826 /* Base */,
			);
			name = LaunchScreen.storyboard;
			sourceTree = "<group>";
		};
/* End PBXVariantGroup section */

/* Begin XCBuildConfiguration section */
		D5A63CA22561401600F2B826 /* Debug */ = {
			isa = XCBuildConfiguration;
			buildSettings = {
				ALWAYS_SEARCH_USER_PATHS = NO;
				CLANG_ANALYZER_NONNULL = YES;
				CLANG_ANALYZER_NUMBER_OBJECT_CONVERSION = YES_AGGRESSIVE;
				CLANG_CXX_LANGUAGE_STANDARD = "gnu++14";
				CLANG_CXX_LIBRARY = "libc++";
				CLANG_ENABLE_MODULES = YES;
				CLANG_ENABLE_OBJC_ARC = YES;
				CLANG_ENABLE_OBJC_WEAK = YES;
				CLANG_WARN_BLOCK_CAPTURE_AUTORELEASING = YES;
				CLANG_WARN_BOOL_CONVERSION = YES;
				CLANG_WARN_COMMA = YES;
				CLANG_WARN_CONSTANT_CONVERSION = YES;
				CLANG_WARN_DEPRECATED_OBJC_IMPLEMENTATIONS = YES;
				CLANG_WARN_DIRECT_OBJC_ISA_USAGE = YES_ERROR;
				CLANG_WARN_DOCUMENTATION_COMMENTS = YES;
				CLANG_WARN_EMPTY_BODY = YES;
				CLANG_WARN_ENUM_CONVERSION = YES;
				CLANG_WARN_INFINITE_RECURSION = YES;
				CLANG_WARN_INT_CONVERSION = YES;
				CLANG_WARN_NON_LITERAL_NULL_CONVERSION = YES;
				CLANG_WARN_OBJC_IMPLICIT_RETAIN_SELF = YES;
				CLANG_WARN_OBJC_LITERAL_CONVERSION = YES;
				CLANG_WARN_OBJC_ROOT_CLASS = YES_ERROR;
				CLANG_WARN_RANGE_LOOP_ANALYSIS = YES;
				CLANG_WARN_STRICT_PROTOTYPES = YES;
				CLANG_WARN_SUSPICIOUS_MOVE = YES;
				CLANG_WARN_UNGUARDED_AVAILABILITY = YES_AGGRESSIVE;
				CLANG_WARN_UNREACHABLE_CODE = YES;
				CLANG_WARN__DUPLICATE_METHOD_MATCH = YES;
				COPY_PHASE_STRIP = NO;
				DEBUG_INFORMATION_FORMAT = dwarf;
				ENABLE_STRICT_OBJC_MSGSEND = YES;
				ENABLE_TESTABILITY = YES;
				GCC_C_LANGUAGE_STANDARD = gnu11;
				GCC_DYNAMIC_NO_PIC = NO;
				GCC_NO_COMMON_BLOCKS = YES;
				GCC_OPTIMIZATION_LEVEL = 0;
				GCC_PREPROCESSOR_DEFINITIONS = (
					"DEBUG=1",
					"$(inherited)",
				);
				GCC_WARN_64_TO_32_BIT_CONVERSION = YES;
				GCC_WARN_ABOUT_RETURN_TYPE = YES_ERROR;
				GCC_WARN_UNDECLARED_SELECTOR = YES;
				GCC_WARN_UNINITIALIZED_AUTOS = YES_AGGRESSIVE;
				GCC_WARN_UNUSED_FUNCTION = YES;
				GCC_WARN_UNUSED_VARIABLE = YES;
				IPHONEOS_DEPLOYMENT_TARGET = 13.7;
				MTL_ENABLE_DEBUG_INFO = INCLUDE_SOURCE;
				MTL_FAST_MATH = YES;
				ONLY_ACTIVE_ARCH = YES;
				SDKROOT = iphoneos;
				SWIFT_ACTIVE_COMPILATION_CONDITIONS = DEBUG;
				SWIFT_OPTIMIZATION_LEVEL = "-Onone";
			};
			name = Debug;
		};
		D5A63CA32561401600F2B826 /* Release */ = {
			isa = XCBuildConfiguration;
			buildSettings = {
				ALWAYS_SEARCH_USER_PATHS = NO;
				CLANG_ANALYZER_NONNULL = YES;
				CLANG_ANALYZER_NUMBER_OBJECT_CONVERSION = YES_AGGRESSIVE;
				CLANG_CXX_LANGUAGE_STANDARD = "gnu++14";
				CLANG_CXX_LIBRARY = "libc++";
				CLANG_ENABLE_MODULES = YES;
				CLANG_ENABLE_OBJC_ARC = YES;
				CLANG_ENABLE_OBJC_WEAK = YES;
				CLANG_WARN_BLOCK_CAPTURE_AUTORELEASING = YES;
				CLANG_WARN_BOOL_CONVERSION = YES;
				CLANG_WARN_COMMA = YES;
				CLANG_WARN_CONSTANT_CONVERSION = YES;
				CLANG_WARN_DEPRECATED_OBJC_IMPLEMENTATIONS = YES;
				CLANG_WARN_DIRECT_OBJC_ISA_USAGE = YES_ERROR;
				CLANG_WARN_DOCUMENTATION_COMMENTS = YES;
				CLANG_WARN_EMPTY_BODY = YES;
				CLANG_WARN_ENUM_CONVERSION = YES;
				CLANG_WARN_INFINITE_RECURSION = YES;
				CLANG_WARN_INT_CONVERSION = YES;
				CLANG_WARN_NON_LITERAL_NULL_CONVERSION = YES;
				CLANG_WARN_OBJC_IMPLICIT_RETAIN_SELF = YES;
				CLANG_WARN_OBJC_LITERAL_CONVERSION = YES;
				CLANG_WARN_OBJC_ROOT_CLASS = YES_ERROR;
				CLANG_WARN_RANGE_LOOP_ANALYSIS = YES;
				CLANG_WARN_STRICT_PROTOTYPES = YES;
				CLANG_WARN_SUSPICIOUS_MOVE = YES;
				CLANG_WARN_UNGUARDED_AVAILABILITY = YES_AGGRESSIVE;
				CLANG_WARN_UNREACHABLE_CODE = YES;
				CLANG_WARN__DUPLICATE_METHOD_MATCH = YES;
				COPY_PHASE_STRIP = NO;
				DEBUG_INFORMATION_FORMAT = "dwarf-with-dsym";
				ENABLE_NS_ASSERTIONS = NO;
				ENABLE_STRICT_OBJC_MSGSEND = YES;
				GCC_C_LANGUAGE_STANDARD = gnu11;
				GCC_NO_COMMON_BLOCKS = YES;
				GCC_WARN_64_TO_32_BIT_CONVERSION = YES;
				GCC_WARN_ABOUT_RETURN_TYPE = YES_ERROR;
				GCC_WARN_UNDECLARED_SELECTOR = YES;
				GCC_WARN_UNINITIALIZED_AUTOS = YES_AGGRESSIVE;
				GCC_WARN_UNUSED_FUNCTION = YES;
				GCC_WARN_UNUSED_VARIABLE = YES;
				IPHONEOS_DEPLOYMENT_TARGET = 13.7;
				MTL_ENABLE_DEBUG_INFO = NO;
				MTL_FAST_MATH = YES;
				SDKROOT = iphoneos;
				SWIFT_COMPILATION_MODE = wholemodule;
				SWIFT_OPTIMIZATION_LEVEL = "-O";
				VALIDATE_PRODUCT = YES;
			};
			name = Release;
		};
		D5A63CA52561401600F2B826 /* Debug */ = {
			isa = XCBuildConfiguration;
			baseConfigurationReference = 40B687F28F6D78C682F7D8E7 /* Pods-AirWatcher.debug.xcconfig */;
			buildSettings = {
				ASSETCATALOG_COMPILER_APPICON_NAME = AppIcon;
				CODE_SIGN_ENTITLEMENTS = AirWatcher/AirWatcher.entitlements;
				CODE_SIGN_STYLE = Automatic;
				INFOPLIST_FILE = AirWatcher/Info.plist;
				LD_RUNPATH_SEARCH_PATHS = (
					"$(inherited)",
					"@executable_path/Frameworks",
				);
				PRODUCT_BUNDLE_IDENTIFIER = DL.AirWatcher;
				PRODUCT_NAME = "$(TARGET_NAME)";
				SWIFT_VERSION = 5.0;
				TARGETED_DEVICE_FAMILY = "1,2";
			};
			name = Debug;
		};
		D5A63CA62561401600F2B826 /* Release */ = {
			isa = XCBuildConfiguration;
			baseConfigurationReference = 44BC97A13225FF9B47F7F848 /* Pods-AirWatcher.release.xcconfig */;
			buildSettings = {
				ASSETCATALOG_COMPILER_APPICON_NAME = AppIcon;
				CODE_SIGN_ENTITLEMENTS = AirWatcher/AirWatcher.entitlements;
				CODE_SIGN_STYLE = Automatic;
				INFOPLIST_FILE = AirWatcher/Info.plist;
				LD_RUNPATH_SEARCH_PATHS = (
					"$(inherited)",
					"@executable_path/Frameworks",
				);
				PRODUCT_BUNDLE_IDENTIFIER = DL.AirWatcher;
				PRODUCT_NAME = "$(TARGET_NAME)";
				SWIFT_VERSION = 5.0;
				TARGETED_DEVICE_FAMILY = "1,2";
			};
			name = Release;
		};
		D5A63CA82561401600F2B826 /* Debug */ = {
			isa = XCBuildConfiguration;
			baseConfigurationReference = B810F1844D8FBC9502F14541 /* Pods-AirWatcher-AirWatcherTests.debug.xcconfig */;
			buildSettings = {
				ALWAYS_EMBED_SWIFT_STANDARD_LIBRARIES = YES;
				BUNDLE_LOADER = "$(TEST_HOST)";
				CODE_SIGN_STYLE = Automatic;
				INFOPLIST_FILE = AirWatcherTests/Info.plist;
				IPHONEOS_DEPLOYMENT_TARGET = 13.7;
				LD_RUNPATH_SEARCH_PATHS = (
					"$(inherited)",
					"@executable_path/Frameworks",
					"@loader_path/Frameworks",
				);
				PRODUCT_BUNDLE_IDENTIFIER = DL.AirWatcherTests;
				PRODUCT_NAME = "$(TARGET_NAME)";
				SWIFT_VERSION = 5.0;
				TARGETED_DEVICE_FAMILY = "1,2";
				TEST_HOST = "$(BUILT_PRODUCTS_DIR)/AirWatcher.app/AirWatcher";
			};
			name = Debug;
		};
		D5A63CA92561401600F2B826 /* Release */ = {
			isa = XCBuildConfiguration;
			baseConfigurationReference = 61391D0CDFF4E1E12374C93B /* Pods-AirWatcher-AirWatcherTests.release.xcconfig */;
			buildSettings = {
				ALWAYS_EMBED_SWIFT_STANDARD_LIBRARIES = YES;
				BUNDLE_LOADER = "$(TEST_HOST)";
				CODE_SIGN_STYLE = Automatic;
				INFOPLIST_FILE = AirWatcherTests/Info.plist;
				IPHONEOS_DEPLOYMENT_TARGET = 13.7;
				LD_RUNPATH_SEARCH_PATHS = (
					"$(inherited)",
					"@executable_path/Frameworks",
					"@loader_path/Frameworks",
				);
				PRODUCT_BUNDLE_IDENTIFIER = DL.AirWatcherTests;
				PRODUCT_NAME = "$(TARGET_NAME)";
				SWIFT_VERSION = 5.0;
				TARGETED_DEVICE_FAMILY = "1,2";
				TEST_HOST = "$(BUILT_PRODUCTS_DIR)/AirWatcher.app/AirWatcher";
			};
			name = Release;
		};
		D5A63CAB2561401600F2B826 /* Debug */ = {
			isa = XCBuildConfiguration;
			baseConfigurationReference = FFF7C469DCB3ADCD15249681 /* Pods-AirWatcher-AirWatcherUITests.debug.xcconfig */;
			buildSettings = {
				ALWAYS_EMBED_SWIFT_STANDARD_LIBRARIES = YES;
				CODE_SIGN_STYLE = Automatic;
				INFOPLIST_FILE = AirWatcherUITests/Info.plist;
				LD_RUNPATH_SEARCH_PATHS = (
					"$(inherited)",
					"@executable_path/Frameworks",
					"@loader_path/Frameworks",
				);
				PRODUCT_BUNDLE_IDENTIFIER = DL.AirWatcherUITests;
				PRODUCT_NAME = "$(TARGET_NAME)";
				SWIFT_VERSION = 5.0;
				TARGETED_DEVICE_FAMILY = "1,2";
				TEST_TARGET_NAME = AirWatcher;
			};
			name = Debug;
		};
		D5A63CAC2561401600F2B826 /* Release */ = {
			isa = XCBuildConfiguration;
			baseConfigurationReference = B05E35412E8124E6C39DB0D1 /* Pods-AirWatcher-AirWatcherUITests.release.xcconfig */;
			buildSettings = {
				ALWAYS_EMBED_SWIFT_STANDARD_LIBRARIES = YES;
				CODE_SIGN_STYLE = Automatic;
				INFOPLIST_FILE = AirWatcherUITests/Info.plist;
				LD_RUNPATH_SEARCH_PATHS = (
					"$(inherited)",
					"@executable_path/Frameworks",
					"@loader_path/Frameworks",
				);
				PRODUCT_BUNDLE_IDENTIFIER = DL.AirWatcherUITests;
				PRODUCT_NAME = "$(TARGET_NAME)";
				SWIFT_VERSION = 5.0;
				TARGETED_DEVICE_FAMILY = "1,2";
				TEST_TARGET_NAME = AirWatcher;
			};
			name = Release;
		};
/* End XCBuildConfiguration section */

/* Begin XCConfigurationList section */
		D5A63C752561401200F2B826 /* Build configuration list for PBXProject "AirWatcher" */ = {
			isa = XCConfigurationList;
			buildConfigurations = (
				D5A63CA22561401600F2B826 /* Debug */,
				D5A63CA32561401600F2B826 /* Release */,
			);
			defaultConfigurationIsVisible = 0;
			defaultConfigurationName = Release;
		};
		D5A63CA42561401600F2B826 /* Build configuration list for PBXNativeTarget "AirWatcher" */ = {
			isa = XCConfigurationList;
			buildConfigurations = (
				D5A63CA52561401600F2B826 /* Debug */,
				D5A63CA62561401600F2B826 /* Release */,
			);
			defaultConfigurationIsVisible = 0;
			defaultConfigurationName = Release;
		};
		D5A63CA72561401600F2B826 /* Build configuration list for PBXNativeTarget "AirWatcherTests" */ = {
			isa = XCConfigurationList;
			buildConfigurations = (
				D5A63CA82561401600F2B826 /* Debug */,
				D5A63CA92561401600F2B826 /* Release */,
			);
			defaultConfigurationIsVisible = 0;
			defaultConfigurationName = Release;
		};
		D5A63CAA2561401600F2B826 /* Build configuration list for PBXNativeTarget "AirWatcherUITests" */ = {
			isa = XCConfigurationList;
			buildConfigurations = (
				D5A63CAB2561401600F2B826 /* Debug */,
				D5A63CAC2561401600F2B826 /* Release */,
			);
			defaultConfigurationIsVisible = 0;
			defaultConfigurationName = Release;
		};
/* End XCConfigurationList section */
	};
	rootObject = D5A63C722561401200F2B826 /* Project object */;
}
